{
  "name": "placeOrder",
  "version": "1.0.0",
  "lockfileVersion": 2,
  "requires": true,
  "packages": {
    "": {
      "version": "1.0.0",
      "license": "ISC",
      "dependencies": {
        "nodemailer": "^6.4.14"
      }
    },
    "node_modules/nodemailer": {
      "version": "6.4.14",
      "license": "MIT",
      "engines": {
        "node": ">=6.0.0"
      }
    }
  },
  "dependencies": {
    "nodemailer": {
      "version": "6.4.14"
    }
  }
}
